
Microsoft Visual Studio Solution File, Format Version 12.00
# Visual Studio 14
VisualStudioVersion = 14.0.25123.0
MinimumVisualStudioVersion = 10.0.40219.1
Project("{FAE04EC0-301F-11D3-BF4B-00C04F79EFBC}") = "TestSystemApp", "TestSystemApp\TestSystemApp.csproj", "{9ED457C8-0F88-4425-857E-D186ABFEFB1B}"
	ProjectSection(ProjectDependencies) = postProject
		{7CBF05EB-40BA-4E2E-B77B-8A2E7A034955} = {7CBF05EB-40BA-4E2E-B77B-8A2E7A034955}
	EndProjectSection
EndProject
Project("{FAE04EC0-301F-11D3-BF4B-00C04F79EFBC}") = "WCFServiceLibrary", "WCFServiceLibrary\WCFServiceLibrary.csproj", "{7CBF05EB-40BA-4E2E-B77B-8A2E7A034955}"
EndProject
Project("{2150E333-8FDC-42A3-9474-1A3956D46DE8}") = "Docs", "Docs", "{93C450BD-FB6B-43A7-A238-36DE4B6917C7}"
	ProjectSection(SolutionItems) = preProject
		..\..\..\..\admin\Desktop\Диплом\блок схемы\Блок Схема.vsdx = ..\..\..\..\admin\Desktop\Диплом\блок схемы\Блок Схема.vsdx
		..\..\..\..\admin\Desktop\Диплом\Сonformity table.docx = ..\..\..\..\admin\Desktop\Диплом\Сonformity table.docx
	EndProjectSection
EndProject
Project("{FAE04EC0-301F-11D3-BF4B-00C04F79EFBC}") = "TeacherApp", "TeacherApp\TeacherApp.csproj", "{4F811B57-83DE-4473-897C-EC90F98EA59F}"
EndProject
Project("{00D1A9C2-B5F0-4AF3-8072-F6C62B433612}") = "DatabaseProject", "DatabaseProject\DatabaseProject.sqlproj", "{10561B36-BB00-44AC-8344-0037CD950F3D}"
EndProject
Project("{FAE04EC0-301F-11D3-BF4B-00C04F79EFBC}") = "CodedUITestProject", "CodedUITestProject\CodedUITestProject.csproj", "{BE46016A-DDC6-4E4D-9F62-0C2F766AB3E7}"
EndProject
Global
	GlobalSection(SolutionConfigurationPlatforms) = preSolution
		Debug|Any CPU = Debug|Any CPU
		Release|Any CPU = Release|Any CPU
	EndGlobalSection
	GlobalSection(ProjectConfigurationPlatforms) = postSolution
		{9ED457C8-0F88-4425-857E-D186ABFEFB1B}.Debug|Any CPU.ActiveCfg = Debug|Any CPU
		{9ED457C8-0F88-4425-857E-D186ABFEFB1B}.Debug|Any CPU.Build.0 = Debug|Any CPU
		{9ED457C8-0F88-4425-857E-D186ABFEFB1B}.Release|Any CPU.ActiveCfg = Release|Any CPU
		{9ED457C8-0F88-4425-857E-D186ABFEFB1B}.Release|Any CPU.Build.0 = Release|Any CPU
		{7CBF05EB-40BA-4E2E-B77B-8A2E7A034955}.Debug|Any CPU.ActiveCfg = Debug|Any CPU
		{7CBF05EB-40BA-4E2E-B77B-8A2E7A034955}.Debug|Any CPU.Build.0 = Debug|Any CPU
		{7CBF05EB-40BA-4E2E-B77B-8A2E7A034955}.Release|Any CPU.ActiveCfg = Release|Any CPU
		{7CBF05EB-40BA-4E2E-B77B-8A2E7A034955}.Release|Any CPU.Build.0 = Release|Any CPU
		{4F811B57-83DE-4473-897C-EC90F98EA59F}.Debug|Any CPU.ActiveCfg = Debug|Any CPU
		{4F811B57-83DE-4473-897C-EC90F98EA59F}.Debug|Any CPU.Build.0 = Debug|Any CPU
		{4F811B57-83DE-4473-897C-EC90F98EA59F}.Release|Any CPU.ActiveCfg = Release|Any CPU
		{4F811B57-83DE-4473-897C-EC90F98EA59F}.Release|Any CPU.Build.0 = Release|Any CPU
		{10561B36-BB00-44AC-8344-0037CD950F3D}.Debug|Any CPU.ActiveCfg = Debug|Any CPU
		{10561B36-BB00-44AC-8344-0037CD950F3D}.Debug|Any CPU.Build.0 = Debug|Any CPU
		{10561B36-BB00-44AC-8344-0037CD950F3D}.Debug|Any CPU.Deploy.0 = Debug|Any CPU
		{10561B36-BB00-44AC-8344-0037CD950F3D}.Release|Any CPU.ActiveCfg = Release|Any CPU
		{10561B36-BB00-44AC-8344-0037CD950F3D}.Release|Any CPU.Build.0 = Release|Any CPU
		{10561B36-BB00-44AC-8344-0037CD950F3D}.Release|Any CPU.Deploy.0 = Release|Any CPU
		{BE46016A-DDC6-4E4D-9F62-0C2F766AB3E7}.Debug|Any CPU.ActiveCfg = Debug|Any CPU
		{BE46016A-DDC6-4E4D-9F62-0C2F766AB3E7}.Debug|Any CPU.Build.0 = Debug|Any CPU
		{BE46016A-DDC6-4E4D-9F62-0C2F766AB3E7}.Release|Any CPU.ActiveCfg = Release|Any CPU
		{BE46016A-DDC6-4E4D-9F62-0C2F766AB3E7}.Release|Any CPU.Build.0 = Release|Any CPU
	EndGlobalSection
	GlobalSection(SolutionProperties) = preSolution
		HideSolutionNode = FALSE
	EndGlobalSection
EndGlobal
