
Microsoft Visual Studio Solution File, Format Version 12.00
# Visual Studio 14
VisualStudioVersion = 14.0.25123.0
MinimumVisualStudioVersion = 10.0.40219.1
Project("{FAE04EC0-301F-11D3-BF4B-00C04F79EFBC}") = "TestSystemApp", "TestSystemApp\TestSystemApp.csproj", "{9ED457C8-0F88-4425-857E-D186ABFEFB1B}"
	ProjectSection(ProjectDependencies) = postProject
		{7CBF05EB-40BA-4E2E-B77B-8A2E7A034955} = {7CBF05EB-40BA-4E2E-B77B-8A2E7A034955}
	EndProjectSection
EndProject
Project("{FAE04EC0-301F-11D3-BF4B-00C04F79EFBC}") = "WCFServiceLibrary", "WCFServiceLibrary\WCFServiceLibrary.csproj", "{7CBF05EB-40BA-4E2E-B77B-8A2E7A034955}"
EndProject
Project("{FAE04EC0-301F-11D3-BF4B-00C04F79EFBC}") = "TeacherApp", "TeacherApp\TeacherApp.csproj", "{4F811B57-83DE-4473-897C-EC90F98EA59F}"
EndProject
Project("{FAE04EC0-301F-11D3-BF4B-00C04F79EFBC}") = "StudentAppCodedUITestProject", "CodedUITestProject\StudentAppCodedUITestProject.csproj", "{BE46016A-DDC6-4E4D-9F62-0C2F766AB3E7}"
EndProject
Project("{2150E333-8FDC-42A3-9474-1A3956D46DE8}") = "Docs", "Docs", "{670F8D95-5D07-473E-9A5D-D024032BEAE1}"
EndProject
Project("{2150E333-8FDC-42A3-9474-1A3956D46DE8}") = "Solution Items", "Solution Items", "{A66241E9-CA70-4105-95A7-B2ED62E13C2B}"
	ProjectSection(SolutionItems) = preProject
		TestCase.docx = TestCase.docx
	EndProjectSection
EndProject
Project("{FAE04EC0-301F-11D3-BF4B-00C04F79EFBC}") = "TeacherCodedUITestProject", "TeacherCodedUITestProject\TeacherCodedUITestProject.csproj", "{58E90684-0401-4795-8BE6-28EDC36D77A5}"
EndProject
Global
	GlobalSection(SolutionConfigurationPlatforms) = preSolution
		Debug|Any CPU = Debug|Any CPU
		Release|Any CPU = Release|Any CPU
	EndGlobalSection
	GlobalSection(ProjectConfigurationPlatforms) = postSolution
		{9ED457C8-0F88-4425-857E-D186ABFEFB1B}.Debug|Any CPU.ActiveCfg = Debug|Any CPU
		{9ED457C8-0F88-4425-857E-D186ABFEFB1B}.Debug|Any CPU.Build.0 = Debug|Any CPU
		{9ED457C8-0F88-4425-857E-D186ABFEFB1B}.Release|Any CPU.ActiveCfg = Release|Any CPU
		{9ED457C8-0F88-4425-857E-D186ABFEFB1B}.Release|Any CPU.Build.0 = Release|Any CPU
		{7CBF05EB-40BA-4E2E-B77B-8A2E7A034955}.Debug|Any CPU.ActiveCfg = Debug|Any CPU
		{7CBF05EB-40BA-4E2E-B77B-8A2E7A034955}.Debug|Any CPU.Build.0 = Debug|Any CPU
		{7CBF05EB-40BA-4E2E-B77B-8A2E7A034955}.Release|Any CPU.ActiveCfg = Release|Any CPU
		{7CBF05EB-40BA-4E2E-B77B-8A2E7A034955}.Release|Any CPU.Build.0 = Release|Any CPU
		{4F811B57-83DE-4473-897C-EC90F98EA59F}.Debug|Any CPU.ActiveCfg = Debug|Any CPU
		{4F811B57-83DE-4473-897C-EC90F98EA59F}.Debug|Any CPU.Build.0 = Debug|Any CPU
		{4F811B57-83DE-4473-897C-EC90F98EA59F}.Release|Any CPU.ActiveCfg = Release|Any CPU
		{4F811B57-83DE-4473-897C-EC90F98EA59F}.Release|Any CPU.Build.0 = Release|Any CPU
		{BE46016A-DDC6-4E4D-9F62-0C2F766AB3E7}.Debug|Any CPU.ActiveCfg = Debug|Any CPU
		{BE46016A-DDC6-4E4D-9F62-0C2F766AB3E7}.Debug|Any CPU.Build.0 = Debug|Any CPU
		{BE46016A-DDC6-4E4D-9F62-0C2F766AB3E7}.Release|Any CPU.ActiveCfg = Release|Any CPU
		{BE46016A-DDC6-4E4D-9F62-0C2F766AB3E7}.Release|Any CPU.Build.0 = Release|Any CPU
		{58E90684-0401-4795-8BE6-28EDC36D77A5}.Debug|Any CPU.ActiveCfg = Debug|Any CPU
		{58E90684-0401-4795-8BE6-28EDC36D77A5}.Debug|Any CPU.Build.0 = Debug|Any CPU
		{58E90684-0401-4795-8BE6-28EDC36D77A5}.Release|Any CPU.ActiveCfg = Release|Any CPU
		{58E90684-0401-4795-8BE6-28EDC36D77A5}.Release|Any CPU.Build.0 = Release|Any CPU
	EndGlobalSection
	GlobalSection(SolutionProperties) = preSolution
		HideSolutionNode = FALSE
	EndGlobalSection
EndGlobal
